
Microsoft Visual Studio Solution File, Format Version 12.00
# Visual Studio Version 16
VisualStudioVersion = 16.0.33027.164
MinimumVisualStudioVersion = 10.0.40219.1
Project("{8BC9CEB8-8B4A-11D0-8D11-00A0C91BC942}") = "Aula 1", "CodigoAulasEDA\Aula 1\Aula 1.vcxproj", "{EBB6AA4A-539D-42D4-B905-5BAC4B64F29A}"
EndProject
Project("{2150E333-8FDC-42A3-9474-1A3956D46DE8}") = "Consolidacao", "Consolidacao", "{293973E4-48CB-40AA-8352-EB054DEE73DB}"
EndProject
Project("{8BC9CEB8-8B4A-11D0-8D11-00A0C91BC942}") = "AulaBase", "CodigoAulasEDA\Consolidação\AulaBase\AulaBase.vcxproj", "{DF0B7C92-9ABF-472F-9BCA-36EC8BD8E04A}"
EndProject
Project("{8BC9CEB8-8B4A-11D0-8D11-00A0C91BC942}") = "Aula 2 - Apontadores", "CodigoAulasEDA\Aula 2 - Apontadores\Aula 2 - Apontadores.vcxproj", "{CF156713-F9E3-4626-AB21-2CE7113B489E}"
EndProject
Project("{8BC9CEB8-8B4A-11D0-8D11-00A0C91BC942}") = "Aula 3 - Arrays e Apontadores", "CodigoAulasEDA\Aula 3 - Arrays e Apontadores\Aula 3 - Arrays e Apontadores.vcxproj", "{20BC7844-7BDA-4C17-AC02-CB1463369BD0}"
EndProject
Project("{8BC9CEB8-8B4A-11D0-8D11-00A0C91BC942}") = "FolhaExerc1", "CodigoAulasEDA\FolhaExerc1\FolhaExerc1.vcxproj", "{A8045EDB-C677-412E-BDED-9AA87D95A13A}"
EndProject
Project("{8BC9CEB8-8B4A-11D0-8D11-00A0C91BC942}") = "Aula 2 - Apontadores II", "CodigoAulasEDA\Aula 2 - Apontaddores II\Aula 2 - Apontaddores II.vcxproj", "{6447D9AB-082F-405D-A150-BFBBDBB9A2EB}"
EndProject
Project("{8BC9CEB8-8B4A-11D0-8D11-00A0C91BC942}") = "Aula 4 - Listas Ligadas Simples", "CodigoAulasEDA\Aula 4 - Listas Ligadas\Aula 4 - Listas Ligadas.vcxproj", "{B5AD9746-5775-4C45-850B-3CC1E268B13E}"
EndProject
Project("{2150E333-8FDC-42A3-9474-1A3956D46DE8}") = "Folhas de Exercícios", "Folhas de Exercícios", "{4C62E63F-A00B-4E35-BE30-C9EBBFF73958}"
EndProject
Project("{8BC9CEB8-8B4A-11D0-8D11-00A0C91BC942}") = "Aula 3 - Arrays e Apontadores II", "CodigoAulasEDA\Aula 3 - Arrays e Apontadores II\Aula 3 - Arrays e Apontadores II.vcxproj", "{1D378985-7638-4A57-8435-BA2B6F4E5930}"
EndProject
Project("{2150E333-8FDC-42A3-9474-1A3956D46DE8}") = "Ficheiros", "Ficheiros", "{FCC4D971-A1EB-4E91-8BC4-7986584DDF4F}"
EndProject
Project("{8BC9CEB8-8B4A-11D0-8D11-00A0C91BC942}") = "Ficheiros - CSV", "CodigoAulasEDA\Consolidação\Ficheiros\Ficheiros - CSV\Ficheiros - CSV.vcxproj", "{0E005963-C5D1-43E0-A293-3AB574CAC4B2}"
EndProject
Project("{8BC9CEB8-8B4A-11D0-8D11-00A0C91BC942}") = "Aula 4 - Listas Ligadas Simples II", "CodigoAulasEDA\Aula 4 - Listas Ligadas Simples II\Aula 4 - Listas Ligadas Simples II.vcxproj", "{110867E2-730E-4904-BAF7-03F796A17219}"
EndProject
Project("{2150E333-8FDC-42A3-9474-1A3956D46DE8}") = "Outras Estruturas de Dados", "Outras Estruturas de Dados", "{24E0FC7D-3600-4B1A-9413-BA1B2EA0A195}"
EndProject
Project("{8BC9CEB8-8B4A-11D0-8D11-00A0C91BC942}") = "Aula 4 - Listas Ligadas Duplas", "CodigoAulasEDA\Outras Estruturas\Listas Duplas\Listas Duplas.vcxproj", "{956F1C8F-B610-4E93-9178-71307248D4FD}"
EndProject
Project("{8BC9CEB8-8B4A-11D0-8D11-00A0C91BC942}") = "Queue Lista", "CodigoAulasEDA\Outras Estruturas\Queue Lista\Queue Lista.vcxproj", "{5F9CA15D-7B25-42A3-8B49-7D7F111943F2}"
EndProject
Project("{8BC9CEB8-8B4A-11D0-8D11-00A0C91BC942}") = "Stack Lista", "CodigoAulasEDA\Outras Estruturas\Stack Lista\Stack Lista.vcxproj", "{E8DFCEF9-0B70-4968-BCD8-5338D74C6D7D}"
EndProject
Project("{8BC9CEB8-8B4A-11D0-8D11-00A0C91BC942}") = "Aula 6  - Grafos - MA", "CodigoAulasEDA\Aula 6  - Grafos - MA\Aula 6  - Grafos - MA.vcxproj", "{840EBA9B-6D6E-4D60-B803-70B9F26E0E1C}"
EndProject
Project("{8BC9CEB8-8B4A-11D0-8D11-00A0C91BC942}") = "Aula 5 - Grafos - LA", "CodigoAulasEDA\Aula 5 - Grafos - LA\Aula 5 - Grafos - LA.vcxproj", "{55C9B527-6CCF-465F-B762-DDB1A248FDB3}"
EndProject
Project("{8BC9CEB8-8B4A-11D0-8D11-00A0C91BC942}") = "Recursividade", "CodigoAulasEDA\Consolidação\Recursividade\Recursividade.vcxproj", "{9CB84C44-48E3-47CF-8E60-50CAC0888FB1}"
EndProject
Project("{8BC9CEB8-8B4A-11D0-8D11-00A0C91BC942}") = "Aula Basica - Grafos com MA", "CodigoAulasEDA\Aula Basica - Grafos com MA\Aula Basica - Grafos com MA.vcxproj", "{38919A6F-94CF-4601-93AD-68A8412D96DB}"
EndProject
Global
	GlobalSection(SolutionConfigurationPlatforms) = preSolution
		Debug|x64 = Debug|x64
		Debug|x86 = Debug|x86
		Release|x64 = Release|x64
		Release|x86 = Release|x86
	EndGlobalSection
	GlobalSection(ProjectConfigurationPlatforms) = postSolution
		{EBB6AA4A-539D-42D4-B905-5BAC4B64F29A}.Debug|x64.ActiveCfg = Debug|x64
		{EBB6AA4A-539D-42D4-B905-5BAC4B64F29A}.Debug|x64.Build.0 = Debug|x64
		{EBB6AA4A-539D-42D4-B905-5BAC4B64F29A}.Debug|x86.ActiveCfg = Debug|Win32
		{EBB6AA4A-539D-42D4-B905-5BAC4B64F29A}.Debug|x86.Build.0 = Debug|Win32
		{EBB6AA4A-539D-42D4-B905-5BAC4B64F29A}.Release|x64.ActiveCfg = Release|x64
		{EBB6AA4A-539D-42D4-B905-5BAC4B64F29A}.Release|x64.Build.0 = Release|x64
		{EBB6AA4A-539D-42D4-B905-5BAC4B64F29A}.Release|x86.ActiveCfg = Release|Win32
		{EBB6AA4A-539D-42D4-B905-5BAC4B64F29A}.Release|x86.Build.0 = Release|Win32
		{DF0B7C92-9ABF-472F-9BCA-36EC8BD8E04A}.Debug|x64.ActiveCfg = Debug|x64
		{DF0B7C92-9ABF-472F-9BCA-36EC8BD8E04A}.Debug|x64.Build.0 = Debug|x64
		{DF0B7C92-9ABF-472F-9BCA-36EC8BD8E04A}.Debug|x86.ActiveCfg = Debug|Win32
		{DF0B7C92-9ABF-472F-9BCA-36EC8BD8E04A}.Debug|x86.Build.0 = Debug|Win32
		{DF0B7C92-9ABF-472F-9BCA-36EC8BD8E04A}.Release|x64.ActiveCfg = Release|x64
		{DF0B7C92-9ABF-472F-9BCA-36EC8BD8E04A}.Release|x64.Build.0 = Release|x64
		{DF0B7C92-9ABF-472F-9BCA-36EC8BD8E04A}.Release|x86.ActiveCfg = Release|Win32
		{DF0B7C92-9ABF-472F-9BCA-36EC8BD8E04A}.Release|x86.Build.0 = Release|Win32
		{CF156713-F9E3-4626-AB21-2CE7113B489E}.Debug|x64.ActiveCfg = Debug|x64
		{CF156713-F9E3-4626-AB21-2CE7113B489E}.Debug|x64.Build.0 = Debug|x64
		{CF156713-F9E3-4626-AB21-2CE7113B489E}.Debug|x86.ActiveCfg = Debug|Win32
		{CF156713-F9E3-4626-AB21-2CE7113B489E}.Debug|x86.Build.0 = Debug|Win32
		{CF156713-F9E3-4626-AB21-2CE7113B489E}.Release|x64.ActiveCfg = Release|x64
		{CF156713-F9E3-4626-AB21-2CE7113B489E}.Release|x64.Build.0 = Release|x64
		{CF156713-F9E3-4626-AB21-2CE7113B489E}.Release|x86.ActiveCfg = Release|Win32
		{CF156713-F9E3-4626-AB21-2CE7113B489E}.Release|x86.Build.0 = Release|Win32
		{20BC7844-7BDA-4C17-AC02-CB1463369BD0}.Debug|x64.ActiveCfg = Debug|x64
		{20BC7844-7BDA-4C17-AC02-CB1463369BD0}.Debug|x64.Build.0 = Debug|x64
		{20BC7844-7BDA-4C17-AC02-CB1463369BD0}.Debug|x86.ActiveCfg = Debug|Win32
		{20BC7844-7BDA-4C17-AC02-CB1463369BD0}.Debug|x86.Build.0 = Debug|Win32
		{20BC7844-7BDA-4C17-AC02-CB1463369BD0}.Release|x64.ActiveCfg = Release|x64
		{20BC7844-7BDA-4C17-AC02-CB1463369BD0}.Release|x64.Build.0 = Release|x64
		{20BC7844-7BDA-4C17-AC02-CB1463369BD0}.Release|x86.ActiveCfg = Release|Win32
		{20BC7844-7BDA-4C17-AC02-CB1463369BD0}.Release|x86.Build.0 = Release|Win32
		{A8045EDB-C677-412E-BDED-9AA87D95A13A}.Debug|x64.ActiveCfg = Debug|x64
		{A8045EDB-C677-412E-BDED-9AA87D95A13A}.Debug|x64.Build.0 = Debug|x64
		{A8045EDB-C677-412E-BDED-9AA87D95A13A}.Debug|x86.ActiveCfg = Debug|Win32
		{A8045EDB-C677-412E-BDED-9AA87D95A13A}.Debug|x86.Build.0 = Debug|Win32
		{A8045EDB-C677-412E-BDED-9AA87D95A13A}.Release|x64.ActiveCfg = Release|x64
		{A8045EDB-C677-412E-BDED-9AA87D95A13A}.Release|x64.Build.0 = Release|x64
		{A8045EDB-C677-412E-BDED-9AA87D95A13A}.Release|x86.ActiveCfg = Release|Win32
		{A8045EDB-C677-412E-BDED-9AA87D95A13A}.Release|x86.Build.0 = Release|Win32
		{6447D9AB-082F-405D-A150-BFBBDBB9A2EB}.Debug|x64.ActiveCfg = Debug|x64
		{6447D9AB-082F-405D-A150-BFBBDBB9A2EB}.Debug|x64.Build.0 = Debug|x64
		{6447D9AB-082F-405D-A150-BFBBDBB9A2EB}.Debug|x86.ActiveCfg = Debug|Win32
		{6447D9AB-082F-405D-A150-BFBBDBB9A2EB}.Debug|x86.Build.0 = Debug|Win32
		{6447D9AB-082F-405D-A150-BFBBDBB9A2EB}.Release|x64.ActiveCfg = Release|x64
		{6447D9AB-082F-405D-A150-BFBBDBB9A2EB}.Release|x64.Build.0 = Release|x64
		{6447D9AB-082F-405D-A150-BFBBDBB9A2EB}.Release|x86.ActiveCfg = Release|Win32
		{6447D9AB-082F-405D-A150-BFBBDBB9A2EB}.Release|x86.Build.0 = Release|Win32
		{B5AD9746-5775-4C45-850B-3CC1E268B13E}.Debug|x64.ActiveCfg = Debug|x64
		{B5AD9746-5775-4C45-850B-3CC1E268B13E}.Debug|x64.Build.0 = Debug|x64
		{B5AD9746-5775-4C45-850B-3CC1E268B13E}.Debug|x86.ActiveCfg = Debug|Win32
		{B5AD9746-5775-4C45-850B-3CC1E268B13E}.Debug|x86.Build.0 = Debug|Win32
		{B5AD9746-5775-4C45-850B-3CC1E268B13E}.Release|x64.ActiveCfg = Release|x64
		{B5AD9746-5775-4C45-850B-3CC1E268B13E}.Release|x64.Build.0 = Release|x64
		{B5AD9746-5775-4C45-850B-3CC1E268B13E}.Release|x86.ActiveCfg = Release|Win32
		{B5AD9746-5775-4C45-850B-3CC1E268B13E}.Release|x86.Build.0 = Release|Win32
		{1D378985-7638-4A57-8435-BA2B6F4E5930}.Debug|x64.ActiveCfg = Debug|x64
		{1D378985-7638-4A57-8435-BA2B6F4E5930}.Debug|x64.Build.0 = Debug|x64
		{1D378985-7638-4A57-8435-BA2B6F4E5930}.Debug|x86.ActiveCfg = Debug|Win32
		{1D378985-7638-4A57-8435-BA2B6F4E5930}.Debug|x86.Build.0 = Debug|Win32
		{1D378985-7638-4A57-8435-BA2B6F4E5930}.Release|x64.ActiveCfg = Release|x64
		{1D378985-7638-4A57-8435-BA2B6F4E5930}.Release|x64.Build.0 = Release|x64
		{1D378985-7638-4A57-8435-BA2B6F4E5930}.Release|x86.ActiveCfg = Release|Win32
		{1D378985-7638-4A57-8435-BA2B6F4E5930}.Release|x86.Build.0 = Release|Win32
		{0E005963-C5D1-43E0-A293-3AB574CAC4B2}.Debug|x64.ActiveCfg = Debug|x64
		{0E005963-C5D1-43E0-A293-3AB574CAC4B2}.Debug|x64.Build.0 = Debug|x64
		{0E005963-C5D1-43E0-A293-3AB574CAC4B2}.Debug|x86.ActiveCfg = Debug|Win32
		{0E005963-C5D1-43E0-A293-3AB574CAC4B2}.Debug|x86.Build.0 = Debug|Win32
		{0E005963-C5D1-43E0-A293-3AB574CAC4B2}.Release|x64.ActiveCfg = Release|x64
		{0E005963-C5D1-43E0-A293-3AB574CAC4B2}.Release|x64.Build.0 = Release|x64
		{0E005963-C5D1-43E0-A293-3AB574CAC4B2}.Release|x86.ActiveCfg = Release|Win32
		{0E005963-C5D1-43E0-A293-3AB574CAC4B2}.Release|x86.Build.0 = Release|Win32
		{110867E2-730E-4904-BAF7-03F796A17219}.Debug|x64.ActiveCfg = Debug|x64
		{110867E2-730E-4904-BAF7-03F796A17219}.Debug|x64.Build.0 = Debug|x64
		{110867E2-730E-4904-BAF7-03F796A17219}.Debug|x86.ActiveCfg = Debug|Win32
		{110867E2-730E-4904-BAF7-03F796A17219}.Debug|x86.Build.0 = Debug|Win32
		{110867E2-730E-4904-BAF7-03F796A17219}.Release|x64.ActiveCfg = Release|x64
		{110867E2-730E-4904-BAF7-03F796A17219}.Release|x64.Build.0 = Release|x64
		{110867E2-730E-4904-BAF7-03F796A17219}.Release|x86.ActiveCfg = Release|Win32
		{110867E2-730E-4904-BAF7-03F796A17219}.Release|x86.Build.0 = Release|Win32
		{956F1C8F-B610-4E93-9178-71307248D4FD}.Debug|x64.ActiveCfg = Debug|x64
		{956F1C8F-B610-4E93-9178-71307248D4FD}.Debug|x64.Build.0 = Debug|x64
		{956F1C8F-B610-4E93-9178-71307248D4FD}.Debug|x86.ActiveCfg = Debug|Win32
		{956F1C8F-B610-4E93-9178-71307248D4FD}.Debug|x86.Build.0 = Debug|Win32
		{956F1C8F-B610-4E93-9178-71307248D4FD}.Release|x64.ActiveCfg = Release|x64
		{956F1C8F-B610-4E93-9178-71307248D4FD}.Release|x64.Build.0 = Release|x64
		{956F1C8F-B610-4E93-9178-71307248D4FD}.Release|x86.ActiveCfg = Release|Win32
		{956F1C8F-B610-4E93-9178-71307248D4FD}.Release|x86.Build.0 = Release|Win32
		{5F9CA15D-7B25-42A3-8B49-7D7F111943F2}.Debug|x64.ActiveCfg = Debug|x64
		{5F9CA15D-7B25-42A3-8B49-7D7F111943F2}.Debug|x64.Build.0 = Debug|x64
		{5F9CA15D-7B25-42A3-8B49-7D7F111943F2}.Debug|x86.ActiveCfg = Debug|Win32
		{5F9CA15D-7B25-42A3-8B49-7D7F111943F2}.Debug|x86.Build.0 = Debug|Win32
		{5F9CA15D-7B25-42A3-8B49-7D7F111943F2}.Release|x64.ActiveCfg = Release|x64
		{5F9CA15D-7B25-42A3-8B49-7D7F111943F2}.Release|x64.Build.0 = Release|x64
		{5F9CA15D-7B25-42A3-8B49-7D7F111943F2}.Release|x86.ActiveCfg = Release|Win32
		{5F9CA15D-7B25-42A3-8B49-7D7F111943F2}.Release|x86.Build.0 = Release|Win32
		{E8DFCEF9-0B70-4968-BCD8-5338D74C6D7D}.Debug|x64.ActiveCfg = Debug|x64
		{E8DFCEF9-0B70-4968-BCD8-5338D74C6D7D}.Debug|x64.Build.0 = Debug|x64
		{E8DFCEF9-0B70-4968-BCD8-5338D74C6D7D}.Debug|x86.ActiveCfg = Debug|Win32
		{E8DFCEF9-0B70-4968-BCD8-5338D74C6D7D}.Debug|x86.Build.0 = Debug|Win32
		{E8DFCEF9-0B70-4968-BCD8-5338D74C6D7D}.Release|x64.ActiveCfg = Release|x64
		{E8DFCEF9-0B70-4968-BCD8-5338D74C6D7D}.Release|x64.Build.0 = Release|x64
		{E8DFCEF9-0B70-4968-BCD8-5338D74C6D7D}.Release|x86.ActiveCfg = Release|Win32
		{E8DFCEF9-0B70-4968-BCD8-5338D74C6D7D}.Release|x86.Build.0 = Release|Win32
		{840EBA9B-6D6E-4D60-B803-70B9F26E0E1C}.Debug|x64.ActiveCfg = Debug|x64
		{840EBA9B-6D6E-4D60-B803-70B9F26E0E1C}.Debug|x64.Build.0 = Debug|x64
		{840EBA9B-6D6E-4D60-B803-70B9F26E0E1C}.Debug|x86.ActiveCfg = Debug|Win32
		{840EBA9B-6D6E-4D60-B803-70B9F26E0E1C}.Debug|x86.Build.0 = Debug|Win32
		{840EBA9B-6D6E-4D60-B803-70B9F26E0E1C}.Release|x64.ActiveCfg = Release|x64
		{840EBA9B-6D6E-4D60-B803-70B9F26E0E1C}.Release|x64.Build.0 = Release|x64
		{840EBA9B-6D6E-4D60-B803-70B9F26E0E1C}.Release|x86.ActiveCfg = Release|Win32
		{840EBA9B-6D6E-4D60-B803-70B9F26E0E1C}.Release|x86.Build.0 = Release|Win32
		{55C9B527-6CCF-465F-B762-DDB1A248FDB3}.Debug|x64.ActiveCfg = Debug|x64
		{55C9B527-6CCF-465F-B762-DDB1A248FDB3}.Debug|x64.Build.0 = Debug|x64
		{55C9B527-6CCF-465F-B762-DDB1A248FDB3}.Debug|x86.ActiveCfg = Debug|Win32
		{55C9B527-6CCF-465F-B762-DDB1A248FDB3}.Debug|x86.Build.0 = Debug|Win32
		{55C9B527-6CCF-465F-B762-DDB1A248FDB3}.Release|x64.ActiveCfg = Release|x64
		{55C9B527-6CCF-465F-B762-DDB1A248FDB3}.Release|x64.Build.0 = Release|x64
		{55C9B527-6CCF-465F-B762-DDB1A248FDB3}.Release|x86.ActiveCfg = Release|Win32
		{55C9B527-6CCF-465F-B762-DDB1A248FDB3}.Release|x86.Build.0 = Release|Win32
		{9CB84C44-48E3-47CF-8E60-50CAC0888FB1}.Debug|x64.ActiveCfg = Debug|x64
		{9CB84C44-48E3-47CF-8E60-50CAC0888FB1}.Debug|x64.Build.0 = Debug|x64
		{9CB84C44-48E3-47CF-8E60-50CAC0888FB1}.Debug|x86.ActiveCfg = Debug|Win32
		{9CB84C44-48E3-47CF-8E60-50CAC0888FB1}.Debug|x86.Build.0 = Debug|Win32
		{9CB84C44-48E3-47CF-8E60-50CAC0888FB1}.Release|x64.ActiveCfg = Release|x64
		{9CB84C44-48E3-47CF-8E60-50CAC0888FB1}.Release|x64.Build.0 = Release|x64
		{9CB84C44-48E3-47CF-8E60-50CAC0888FB1}.Release|x86.ActiveCfg = Release|Win32
		{9CB84C44-48E3-47CF-8E60-50CAC0888FB1}.Release|x86.Build.0 = Release|Win32
		{38919A6F-94CF-4601-93AD-68A8412D96DB}.Debug|x64.ActiveCfg = Debug|x64
		{38919A6F-94CF-4601-93AD-68A8412D96DB}.Debug|x64.Build.0 = Debug|x64
		{38919A6F-94CF-4601-93AD-68A8412D96DB}.Debug|x86.ActiveCfg = Debug|Win32
		{38919A6F-94CF-4601-93AD-68A8412D96DB}.Debug|x86.Build.0 = Debug|Win32
		{38919A6F-94CF-4601-93AD-68A8412D96DB}.Release|x64.ActiveCfg = Release|x64
		{38919A6F-94CF-4601-93AD-68A8412D96DB}.Release|x64.Build.0 = Release|x64
		{38919A6F-94CF-4601-93AD-68A8412D96DB}.Release|x86.ActiveCfg = Release|Win32
		{38919A6F-94CF-4601-93AD-68A8412D96DB}.Release|x86.Build.0 = Release|Win32
	EndGlobalSection
	GlobalSection(SolutionProperties) = preSolution
		HideSolutionNode = FALSE
	EndGlobalSection
	GlobalSection(NestedProjects) = preSolution
		{DF0B7C92-9ABF-472F-9BCA-36EC8BD8E04A} = {293973E4-48CB-40AA-8352-EB054DEE73DB}
		{A8045EDB-C677-412E-BDED-9AA87D95A13A} = {4C62E63F-A00B-4E35-BE30-C9EBBFF73958}
		{FCC4D971-A1EB-4E91-8BC4-7986584DDF4F} = {293973E4-48CB-40AA-8352-EB054DEE73DB}
		{0E005963-C5D1-43E0-A293-3AB574CAC4B2} = {FCC4D971-A1EB-4E91-8BC4-7986584DDF4F}
		{956F1C8F-B610-4E93-9178-71307248D4FD} = {24E0FC7D-3600-4B1A-9413-BA1B2EA0A195}
		{5F9CA15D-7B25-42A3-8B49-7D7F111943F2} = {24E0FC7D-3600-4B1A-9413-BA1B2EA0A195}
		{E8DFCEF9-0B70-4968-BCD8-5338D74C6D7D} = {24E0FC7D-3600-4B1A-9413-BA1B2EA0A195}
		{9CB84C44-48E3-47CF-8E60-50CAC0888FB1} = {293973E4-48CB-40AA-8352-EB054DEE73DB}
	EndGlobalSection
	GlobalSection(ExtensibilityGlobals) = postSolution
		SolutionGuid = {60BC21FD-DCFA-454F-8901-F9E357734508}
	EndGlobalSection
EndGlobal
