<?xml version="1.0" encoding="utf-8"?>
<Project ToolsVersion="4.0" xmlns="http://schemas.microsoft.com/developer/msbuild/2003">
  <ItemGroup>
    <ClCompile Include="Duplas.c" />
    <ClCompile Include="Main.c" />
  </ItemGroup>
  <ItemGroup>
    <Filter Include="Header Files">
      <UniqueIdentifier>{ef68e4ed-5133-47cc-b129-6ba61dd3ca16}</UniqueIdentifier>
    </Filter>
  </ItemGroup>
  <ItemGroup>
    <ClInclude Include="Duplas.h">
      <Filter>Header Files</Filter>
    </ClInclude>
  </ItemGroup>
</Project>